# THIS IS AN AUTOGENERATED FILE. DO NOT EDIT THIS FILE DIRECTLY.
# yarn lockfile v1


"@oxlint/darwin-arm64@1.15.0":
  version "1.15.0"
  resolved "https://registry.yarnpkg.com/@oxlint/darwin-arm64/-/darwin-arm64-1.15.0.tgz#2f6fdf72ffb8056099673cac0d1dd3370647e0c9"
  integrity sha512-fwYg7WDKI6eAErREBGMXkIAOqBuBFN0LWbQJvVNXCGjywGxsisdwkHnNu4UG8IpHo4P71mUxf3l2xm+5Xiy+TA==

"@oxlint/darwin-x64@1.15.0":
  version "1.15.0"
  resolved "https://registry.yarnpkg.com/@oxlint/darwin-x64/-/darwin-x64-1.15.0.tgz#5956c7b681ba9c1439e2278c48f0a7ebde6bda50"
  integrity sha512-RtaAmB6NZZx4hvjCg6w35shzRY5fLclbMsToC92MTZ9lMDF9LotzcbyNHCZ1tvZb1tNPObpIsuX16BFeElF8nw==

"@oxlint/linux-arm64-gnu@1.15.0":
  version "1.15.0"
  resolved "https://registry.yarnpkg.com/@oxlint/linux-arm64-gnu/-/linux-arm64-gnu-1.15.0.tgz#3a2ffa8b0b1180da6daa2dc2d17421a4dad7221d"
  integrity sha512-8uV0lAbmqp93KTBlJWyCdQWuxTzLn+QrDRidUaCLJjn65uvv8KlRhZJoZoyLh17X6U/cgezYktWTMiMhxX56BA==

"@oxlint/linux-arm64-musl@1.15.0":
  version "1.15.0"
  resolved "https://registry.yarnpkg.com/@oxlint/linux-arm64-musl/-/linux-arm64-musl-1.15.0.tgz#9e2ea63e2782c4c6a83547a0cf0d700c7e431286"
  integrity sha512-/+hTqh1J29+2GitKrWUHIYjQBM1szWSJ1U7OzQlgL+Uvf8jxg4sn1nV79LcPMXhC2t8lZy5EOXOgwIh92DsdhQ==

"@oxlint/linux-x64-gnu@1.15.0":
  version "1.15.0"
  resolved "https://registry.yarnpkg.com/@oxlint/linux-x64-gnu/-/linux-x64-gnu-1.15.0.tgz#6fa4e05f0102a2f521bfc1a8987e29b0eec1777b"
  integrity sha512-GzeY3AhUd49yV+/76Gw0pjpwUJwxCkwYAJTNe7fFTdWjEQ6M6g8ZzJg5FKtUvgA5sMgmfzHhvSXxvT57YhcXnA==

"@oxlint/linux-x64-musl@1.15.0":
  version "1.15.0"
  resolved "https://registry.yarnpkg.com/@oxlint/linux-x64-musl/-/linux-x64-musl-1.15.0.tgz#abee6ab72c8ed9591218b0f62e816c29378a9a04"
  integrity sha512-p/7+juizUOCpGYreFmdfmIOSSSE3+JfsgnXnOHuP8mqlZfiOeXyevyajuXpPNRM60+k0reGvlV7ezp1iFitF7w==

"@oxlint/win32-arm64@1.15.0":
  version "1.15.0"
  resolved "https://registry.yarnpkg.com/@oxlint/win32-arm64/-/win32-arm64-1.15.0.tgz#e15284ee1ff79b10a0fb470e7b30885fb238142e"
  integrity sha512-2LaDLOtCMq+lzIQ63Eir3UJV/hQNlw01xtsij2L8sSxt4gA+zWvubOQJQIOPGMDxEKFcWT1lo/6YEXX/sNnZDA==

"@oxlint/win32-x64@1.15.0":
  version "1.15.0"
  resolved "https://registry.yarnpkg.com/@oxlint/win32-x64/-/win32-x64-1.15.0.tgz#2a478c02cbd486f0021424e7ca496bc868ef9937"
  integrity sha512-+jgRPpZrFIcrNxCVsDIy6HVCRpKVDN0DHD8VJodjrsDv6heqhq/qCTa2IXY3R4glWe1nWQ5JgdFKLn3Bl+aLNg==

oxlint@^1.15.0:
  version "1.15.0"
  resolved "https://registry.yarnpkg.com/oxlint/-/oxlint-1.15.0.tgz#4450c3eaa747a756145b6cfb6035b3091789f6cc"
  integrity sha512-GZngkdF2FabM0pp0/l5OOhIQg+9L6LmOrmS8V8Vg+Swv9/VLJd/oc/LtAkv4HO45BNWL3EVaXzswI0CmGokVzw==
  optionalDependencies:
    "@oxlint/darwin-arm64" "1.15.0"
    "@oxlint/darwin-x64" "1.15.0"
    "@oxlint/linux-arm64-gnu" "1.15.0"
    "@oxlint/linux-arm64-musl" "1.15.0"
    "@oxlint/linux-x64-gnu" "1.15.0"
    "@oxlint/linux-x64-musl" "1.15.0"
    "@oxlint/win32-arm64" "1.15.0"
    "@oxlint/win32-x64" "1.15.0"
